
Microsoft Visual Studio Solution File, Format Version 12.00
# Visual Studio Version 16
VisualStudioVersion = 16.0.29613.14
MinimumVisualStudioVersion = 10.0.40219.1
Project("{FAE04EC0-301F-11D3-BF4B-00C04F79EFBC}") = "ThreeDynamoDbAPIsDemo", "ThreeDynamoDbAPIsDemo\ThreeDynamoDbAPIsDemo.csproj", "{8E5D2163-275C-4F60-BECB-59AFEB489599}"
EndProject
Global
	GlobalSection(SolutionConfigurationPlatforms) = preSolution
		Debug|Any CPU = Debug|Any CPU
		Release|Any CPU = Release|Any CPU
	EndGlobalSection
	GlobalSection(ProjectConfigurationPlatforms) = postSolution
		{8E5D2163-275C-4F60-BECB-59AFEB489599}.Debug|Any CPU.ActiveCfg = Debug|Any CPU
		{8E5D2163-275C-4F60-BECB-59AFEB489599}.Debug|Any CPU.Build.0 = Debug|Any CPU
		{8E5D2163-275C-4F60-BECB-59AFEB489599}.Release|Any CPU.ActiveCfg = Release|Any CPU
		{8E5D2163-275C-4F60-BECB-59AFEB489599}.Release|Any CPU.Build.0 = Release|Any CPU
	EndGlobalSection
	GlobalSection(SolutionProperties) = preSolution
		HideSolutionNode = FALSE
	EndGlobalSection
	GlobalSection(ExtensibilityGlobals) = postSolution
		SolutionGuid = {D8751EA9-8528-412D-B341-A4CC6564CB3B}
	EndGlobalSection
EndGlobal
